
Microsoft Visual Studio Solution File, Format Version 12.00
# Visual Studio Version 16
VisualStudioVersion = 16.0.30711.63
MinimumVisualStudioVersion = 10.0.40219.1
Project("{8BC9CEB8-8B4A-11D0-8D11-00A0C91BC942}") = "Project9.2.1", "Project9.2.1\Project9.2.1.vcxproj", "{861C6AFF-EA8F-401B-A503-42D182599137}"
EndProject
Project("{8BC9CEB8-8B4A-11D0-8D11-00A0C91BC942}") = "UnitTest1", "UnitTest1\UnitTest1.vcxproj", "{E7945C62-054E-47E1-B501-56C1B1B2E789}"
EndProject
Global
	GlobalSection(SolutionConfigurationPlatforms) = preSolution
		Debug|x64 = Debug|x64
		Debug|x86 = Debug|x86
		Release|x64 = Release|x64
		Release|x86 = Release|x86
	EndGlobalSection
	GlobalSection(ProjectConfigurationPlatforms) = postSolution
		{861C6AFF-EA8F-401B-A503-42D182599137}.Debug|x64.ActiveCfg = Debug|x64
		{861C6AFF-EA8F-401B-A503-42D182599137}.Debug|x64.Build.0 = Debug|x64
		{861C6AFF-EA8F-401B-A503-42D182599137}.Debug|x86.ActiveCfg = Debug|Win32
		{861C6AFF-EA8F-401B-A503-42D182599137}.Debug|x86.Build.0 = Debug|Win32
		{861C6AFF-EA8F-401B-A503-42D182599137}.Release|x64.ActiveCfg = Release|x64
		{861C6AFF-EA8F-401B-A503-42D182599137}.Release|x64.Build.0 = Release|x64
		{861C6AFF-EA8F-401B-A503-42D182599137}.Release|x86.ActiveCfg = Release|Win32
		{861C6AFF-EA8F-401B-A503-42D182599137}.Release|x86.Build.0 = Release|Win32
		{E7945C62-054E-47E1-B501-56C1B1B2E789}.Debug|x64.ActiveCfg = Debug|x64
		{E7945C62-054E-47E1-B501-56C1B1B2E789}.Debug|x64.Build.0 = Debug|x64
		{E7945C62-054E-47E1-B501-56C1B1B2E789}.Debug|x86.ActiveCfg = Debug|Win32
		{E7945C62-054E-47E1-B501-56C1B1B2E789}.Debug|x86.Build.0 = Debug|Win32
		{E7945C62-054E-47E1-B501-56C1B1B2E789}.Release|x64.ActiveCfg = Release|x64
		{E7945C62-054E-47E1-B501-56C1B1B2E789}.Release|x64.Build.0 = Release|x64
		{E7945C62-054E-47E1-B501-56C1B1B2E789}.Release|x86.ActiveCfg = Release|Win32
		{E7945C62-054E-47E1-B501-56C1B1B2E789}.Release|x86.Build.0 = Release|Win32
	EndGlobalSection
	GlobalSection(SolutionProperties) = preSolution
		HideSolutionNode = FALSE
	EndGlobalSection
	GlobalSection(ExtensibilityGlobals) = postSolution
		SolutionGuid = {AFA7F099-9922-44F8-9189-5A04C3E83AEE}
	EndGlobalSection
EndGlobal
